// !$*UTF8*$!
{
	archiveVersion = 1;
	classes = {
	};
	objectVersion = 56;
	objects = {

/* Begin PBXBuildFile section */
		112F60A42A6831BF00D19446 /* String+Extension.swift in Sources */ = {isa = PBXBuildFile; fileRef = 112F60A32A6831BF00D19446 /* String+Extension.swift */; };
		112F60A72A68322B00D19446 /* KeywordFieldView.swift in Sources */ = {isa = PBXBuildFile; fileRef = 112F60A62A68322B00D19446 /* KeywordFieldView.swift */; };
		112F60A92A68326100D19446 /* KeywordView.swift in Sources */ = {isa = PBXBuildFile; fileRef = 112F60A82A68326100D19446 /* KeywordView.swift */; };
		4373B8AC2A66713400518FF7 /* InputPresentationInfoView.swift in Sources */ = {isa = PBXBuildFile; fileRef = 4373B8AB2A66713400518FF7 /* InputPresentationInfoView.swift */; };
		4373B8AE2A66714200518FF7 /* InputScriptView.swift in Sources */ = {isa = PBXBuildFile; fileRef = 4373B8AD2A66714200518FF7 /* InputScriptView.swift */; };
		4373B8B02A66714F00518FF7 /* SettingGroupView.swift in Sources */ = {isa = PBXBuildFile; fileRef = 4373B8AF2A66714F00518FF7 /* SettingGroupView.swift */; };
		43E88F9B2A64E36C001791DC /* MyData.swift in Sources */ = {isa = PBXBuildFile; fileRef = 43E88F9A2A64E36C001791DC /* MyData.swift */; };
		A912BA992A613C4100A3321E /* sampleFile.json in Resources */ = {isa = PBXBuildFile; fileRef = A912BA982A613C4100A3321E /* sampleFile.json */; };
		A91E901D2A5B074A00EBB3F2 /* AppFileManager.swift in Sources */ = {isa = PBXBuildFile; fileRef = A91E901C2A5B074A00EBB3F2 /* AppFileManager.swift */; };
		A91E90212A5B1A1C00EBB3F2 /* ButtonView.swift in Sources */ = {isa = PBXBuildFile; fileRef = A91E90202A5B1A1C00EBB3F2 /* ButtonView.swift */; };
		A91E90292A5B98BA00EBB3F2 /* VoiceManager.swift in Sources */ = {isa = PBXBuildFile; fileRef = A91E90282A5B98BA00EBB3F2 /* VoiceManager.swift */; };
		A91E902B2A5BAEDA00EBB3F2 /* SpeechRecognizer.swift in Sources */ = {isa = PBXBuildFile; fileRef = A91E902A2A5BAEDA00EBB3F2 /* SpeechRecognizer.swift */; };
		A92ABAB62A630A94004B4972 /* ChipView.swift in Sources */ = {isa = PBXBuildFile; fileRef = A92ABAB52A630A94004B4972 /* ChipView.swift */; };
		A92ABAB82A63BE48004B4972 /* PresentationPageListOnboardingView.swift in Sources */ = {isa = PBXBuildFile; fileRef = A92ABAB72A63BE48004B4972 /* PresentationPageListOnboardingView.swift */; };
		A92ABABB2A64E0D0004B4972 /* AppFileDocument.swift in Sources */ = {isa = PBXBuildFile; fileRef = A92ABABA2A64E0D0004B4972 /* AppFileDocument.swift */; };
		A92ABABE2A64E363004B4972 /* KkoFileModel.swift in Sources */ = {isa = PBXBuildFile; fileRef = A92ABABD2A64E363004B4972 /* KkoFileModel.swift */; };
		A92ABAC12A64E5D1004B4972 /* ProjectDocumentView.swift in Sources */ = {isa = PBXBuildFile; fileRef = A92ABAC02A64E5D1004B4972 /* ProjectDocumentView.swift */; };
		A92ABAC82A654132004B4972 /* ProjectCardView.swift in Sources */ = {isa = PBXBuildFile; fileRef = A92ABAC72A654132004B4972 /* ProjectCardView.swift */; };
		A92ABACA2A655E05004B4972 /* DateManager.swift in Sources */ = {isa = PBXBuildFile; fileRef = A92ABAC92A655E05004B4972 /* DateManager.swift */; };
		A92ABAD02A657208004B4972 /* Pretendard in Frameworks */ = {isa = PBXBuildFile; productRef = A92ABACF2A657208004B4972 /* Pretendard */; };
		A92ABAD22A657369004B4972 /* Font+Extension.swift in Sources */ = {isa = PBXBuildFile; fileRef = A92ABAD12A657369004B4972 /* Font+Extension.swift */; };
		A938398B2A5CF2410075A97F /* HomeVM.swift in Sources */ = {isa = PBXBuildFile; fileRef = A938398A2A5CF2410075A97F /* HomeVM.swift */; };
		A938398D2A5CF3020075A97F /* HomeView.swift in Sources */ = {isa = PBXBuildFile; fileRef = A938398C2A5CF3020075A97F /* HomeView.swift */; };
		A938399A2A5D3F430075A97F /* PresentationView.swift in Sources */ = {isa = PBXBuildFile; fileRef = A93839992A5D3F430075A97F /* PresentationView.swift */; };
		A938399C2A5D3F540075A97F /* ProjectHistoryView.swift in Sources */ = {isa = PBXBuildFile; fileRef = A938399B2A5D3F540075A97F /* ProjectHistoryView.swift */; };
		A938399E2A5DA13F0075A97F /* CustomLabel.swift in Sources */ = {isa = PBXBuildFile; fileRef = A938399D2A5DA13F0075A97F /* CustomLabel.swift */; };
		A94147FC2A573BFC001256CB /* FontModifier.swift in Sources */ = {isa = PBXBuildFile; fileRef = A94147FB2A573BFC001256CB /* FontModifier.swift */; };
		A94147FE2A573D01001256CB /* View+Extension.swift in Sources */ = {isa = PBXBuildFile; fileRef = A94147FD2A573D01001256CB /* View+Extension.swift */; };
		A945F0372A56788500DC62D7 /* ForJaeRinApp.swift in Sources */ = {isa = PBXBuildFile; fileRef = A945F0362A56788500DC62D7 /* ForJaeRinApp.swift */; };
		A945F03B2A56788700DC62D7 /* Assets.xcassets in Resources */ = {isa = PBXBuildFile; fileRef = A945F03A2A56788700DC62D7 /* Assets.xcassets */; };
		A945F03E2A56788700DC62D7 /* Preview Assets.xcassets in Resources */ = {isa = PBXBuildFile; fileRef = A945F03D2A56788700DC62D7 /* Preview Assets.xcassets */; };
		A945F0492A56788700DC62D7 /* ForJaeRinTests.swift in Sources */ = {isa = PBXBuildFile; fileRef = A945F0482A56788700DC62D7 /* ForJaeRinTests.swift */; };
		A945F0532A56788700DC62D7 /* ForJaeRinUITests.swift in Sources */ = {isa = PBXBuildFile; fileRef = A945F0522A56788700DC62D7 /* ForJaeRinUITests.swift */; };
		A945F0552A56788700DC62D7 /* ForJaeRinUITestsLaunchTests.swift in Sources */ = {isa = PBXBuildFile; fileRef = A945F0542A56788700DC62D7 /* ForJaeRinUITestsLaunchTests.swift */; };
		A945F0642A56ABC800DC62D7 /* .swiftlint.yml in Resources */ = {isa = PBXBuildFile; fileRef = A945F0632A56ABC800DC62D7 /* .swiftlint.yml */; };
		A968E6A92A67C0B0008C6738 /* sample.json in Resources */ = {isa = PBXBuildFile; fileRef = A968E6A82A67C0B0008C6738 /* sample.json */; };
		A968E6AE2A67CAD8008C6738 /* BorderModifier.swift in Sources */ = {isa = PBXBuildFile; fileRef = A968E6AD2A67CAD8008C6738 /* BorderModifier.swift */; };
		A968E6B12A67D589008C6738 /* ProjectDocumentVM.swift in Sources */ = {isa = PBXBuildFile; fileRef = A968E6B02A67D589008C6738 /* ProjectDocumentVM.swift */; };
		A968E6B42A6833ED008C6738 /* PresentationProgressView.swift in Sources */ = {isa = PBXBuildFile; fileRef = A968E6B32A6833ED008C6738 /* PresentationProgressView.swift */; };
		A97FBE3F2A5E4BCD00B9F94B /* ImportPDFView.swift in Sources */ = {isa = PBXBuildFile; fileRef = A97FBE3E2A5E4BCD00B9F94B /* ImportPDFView.swift */; };
		A97FBE412A5E4C6E00B9F94B /* ButtonModifier.swift in Sources */ = {isa = PBXBuildFile; fileRef = A97FBE402A5E4C6E00B9F94B /* ButtonModifier.swift */; };
		A97FBE442A5E50DC00B9F94B /* VoiceVisualizationView.swift in Sources */ = {isa = PBXBuildFile; fileRef = A97FBE432A5E50DC00B9F94B /* VoiceVisualizationView.swift */; };
		A97FBE472A5E823300B9F94B /* KeywordListView.swift in Sources */ = {isa = PBXBuildFile; fileRef = A97FBE462A5E823300B9F94B /* KeywordListView.swift */; };
		A97FBE492A5E84E400B9F94B /* PresentationPDFView.swift in Sources */ = {isa = PBXBuildFile; fileRef = A97FBE482A5E84E400B9F94B /* PresentationPDFView.swift */; };
		A97FBE4D2A5E867500B9F94B /* PDFView.swift in Sources */ = {isa = PBXBuildFile; fileRef = A97FBE4C2A5E867500B9F94B /* PDFView.swift */; };
		A97FBE4F2A5E887900B9F94B /* sample.pdf in Resources */ = {isa = PBXBuildFile; fileRef = A97FBE4E2A5E887900B9F94B /* sample.pdf */; };
		A97FBE522A5E892A00B9F94B /* AudioControllerView.swift in Sources */ = {isa = PBXBuildFile; fileRef = A97FBE512A5E892A00B9F94B /* AudioControllerView.swift */; };
		A97FBE552A5E896B00B9F94B /* PresentationTimerView.swift in Sources */ = {isa = PBXBuildFile; fileRef = A97FBE542A5E896B00B9F94B /* PresentationTimerView.swift */; };
		A97FBE592A5E962500B9F94B /* ProjectHistoryListView.swift in Sources */ = {isa = PBXBuildFile; fileRef = A97FBE582A5E962500B9F94B /* ProjectHistoryListView.swift */; };
		A97FBE5B2A5E962E00B9F94B /* ProjectSummaryView.swift in Sources */ = {isa = PBXBuildFile; fileRef = A97FBE5A2A5E962E00B9F94B /* ProjectSummaryView.swift */; };
		A98A28912A605CA60043C8C1 /* PDFDocumentManager.swift in Sources */ = {isa = PBXBuildFile; fileRef = A98A28902A605CA60043C8C1 /* PDFDocumentManager.swift */; };
		A98A28932A605D570043C8C1 /* PDFPageModel.swift in Sources */ = {isa = PBXBuildFile; fileRef = A98A28922A605D570043C8C1 /* PDFPageModel.swift */; };
		A98A28952A605ED40043C8C1 /* ProjectFileManager.swift in Sources */ = {isa = PBXBuildFile; fileRef = A98A28942A605ED40043C8C1 /* ProjectFileManager.swift */; };
		A98A28972A60604F0043C8C1 /* PDFGroupModel.swift in Sources */ = {isa = PBXBuildFile; fileRef = A98A28962A60604F0043C8C1 /* PDFGroupModel.swift */; };
		A98A28992A6062C50043C8C1 /* PracticeModel.swift in Sources */ = {isa = PBXBuildFile; fileRef = A98A28982A6062C50043C8C1 /* PracticeModel.swift */; };
		A98A289B2A6068320043C8C1 /* ProjectMetadataModel.swift in Sources */ = {isa = PBXBuildFile; fileRef = A98A289A2A6068320043C8C1 /* ProjectMetadataModel.swift */; };
		A98A289E2A60D1720043C8C1 /* ProjectPlanView.swift in Sources */ = {isa = PBXBuildFile; fileRef = A98A289D2A60D1720043C8C1 /* ProjectPlanView.swift */; };
		A98A28A12A6125A30043C8C1 /* PresentationPageList.swift in Sources */ = {isa = PBXBuildFile; fileRef = A98A28A02A6125A30043C8C1 /* PresentationPageList.swift */; };
		A98A28A32A6125B50043C8C1 /* PresentationPageListItem.swift in Sources */ = {isa = PBXBuildFile; fileRef = A98A28A22A6125B50043C8C1 /* PresentationPageListItem.swift */; };
		A98A28A72A6130890043C8C1 /* sampleProject.pdf in Resources */ = {isa = PBXBuildFile; fileRef = A98A28A62A6130890043C8C1 /* sampleProject.pdf */; };
		A98A28AA2A6130D00043C8C1 /* sampleProject.json in Resources */ = {isa = PBXBuildFile; fileRef = A98A28A92A6130D00043C8C1 /* sampleProject.json */; };
		A99526CD2A5DBC43008510CF /* Color+Extension.swift in Sources */ = {isa = PBXBuildFile; fileRef = A99526CC2A5DBC43008510CF /* Color+Extension.swift */; };
		A99526D02A5E334D008510CF /* FileExporterButtonView.swift in Sources */ = {isa = PBXBuildFile; fileRef = A99526CF2A5E334D008510CF /* FileExporterButtonView.swift */; };
		A99526D22A5E3356008510CF /* FileImporterButtonView.swift in Sources */ = {isa = PBXBuildFile; fileRef = A99526D12A5E3356008510CF /* FileImporterButtonView.swift */; };
/* End PBXBuildFile section */

/* Begin PBXContainerItemProxy section */
		A945F0452A56788700DC62D7 /* PBXContainerItemProxy */ = {
			isa = PBXContainerItemProxy;
			containerPortal = A945F02B2A56788500DC62D7 /* Project object */;
			proxyType = 1;
			remoteGlobalIDString = A945F0322A56788500DC62D7;
			remoteInfo = ForJaeRin;
		};
		A945F04F2A56788700DC62D7 /* PBXContainerItemProxy */ = {
			isa = PBXContainerItemProxy;
			containerPortal = A945F02B2A56788500DC62D7 /* Project object */;
			proxyType = 1;
			remoteGlobalIDString = A945F0322A56788500DC62D7;
			remoteInfo = ForJaeRin;
		};
/* End PBXContainerItemProxy section */

/* Begin PBXFileReference section */
		112F60A32A6831BF00D19446 /* String+Extension.swift */ = {isa = PBXFileReference; lastKnownFileType = sourcecode.swift; path = "String+Extension.swift"; sourceTree = "<group>"; };
		112F60A62A68322B00D19446 /* KeywordFieldView.swift */ = {isa = PBXFileReference; lastKnownFileType = sourcecode.swift; path = KeywordFieldView.swift; sourceTree = "<group>"; };
		112F60A82A68326100D19446 /* KeywordView.swift */ = {isa = PBXFileReference; lastKnownFileType = sourcecode.swift; path = KeywordView.swift; sourceTree = "<group>"; };
		4373B8AB2A66713400518FF7 /* InputPresentationInfoView.swift */ = {isa = PBXFileReference; lastKnownFileType = sourcecode.swift; path = InputPresentationInfoView.swift; sourceTree = "<group>"; };
		4373B8AD2A66714200518FF7 /* InputScriptView.swift */ = {isa = PBXFileReference; lastKnownFileType = sourcecode.swift; path = InputScriptView.swift; sourceTree = "<group>"; };
		4373B8AF2A66714F00518FF7 /* SettingGroupView.swift */ = {isa = PBXFileReference; lastKnownFileType = sourcecode.swift; path = SettingGroupView.swift; sourceTree = "<group>"; };
		43E88F9A2A64E36C001791DC /* MyData.swift */ = {isa = PBXFileReference; lastKnownFileType = sourcecode.swift; path = MyData.swift; sourceTree = "<group>"; };
		A912BA982A613C4100A3321E /* sampleFile.json */ = {isa = PBXFileReference; lastKnownFileType = text.json; path = sampleFile.json; sourceTree = "<group>"; };
		A91E901C2A5B074A00EBB3F2 /* AppFileManager.swift */ = {isa = PBXFileReference; lastKnownFileType = sourcecode.swift; path = AppFileManager.swift; sourceTree = "<group>"; };
		A91E90202A5B1A1C00EBB3F2 /* ButtonView.swift */ = {isa = PBXFileReference; lastKnownFileType = sourcecode.swift; path = ButtonView.swift; sourceTree = "<group>"; };
		A91E90282A5B98BA00EBB3F2 /* VoiceManager.swift */ = {isa = PBXFileReference; lastKnownFileType = sourcecode.swift; path = VoiceManager.swift; sourceTree = "<group>"; };
		A91E902A2A5BAEDA00EBB3F2 /* SpeechRecognizer.swift */ = {isa = PBXFileReference; lastKnownFileType = sourcecode.swift; path = SpeechRecognizer.swift; sourceTree = "<group>"; };
		A92ABAB52A630A94004B4972 /* ChipView.swift */ = {isa = PBXFileReference; lastKnownFileType = sourcecode.swift; path = ChipView.swift; sourceTree = "<group>"; };
		A92ABAB72A63BE48004B4972 /* PresentationPageListOnboardingView.swift */ = {isa = PBXFileReference; lastKnownFileType = sourcecode.swift; path = PresentationPageListOnboardingView.swift; sourceTree = "<group>"; };
		A92ABABA2A64E0D0004B4972 /* AppFileDocument.swift */ = {isa = PBXFileReference; lastKnownFileType = sourcecode.swift; path = AppFileDocument.swift; sourceTree = "<group>"; };
		A92ABABC2A64E17D004B4972 /* Info.plist */ = {isa = PBXFileReference; lastKnownFileType = text.plist; path = Info.plist; sourceTree = "<group>"; };
		A92ABABD2A64E363004B4972 /* KkoFileModel.swift */ = {isa = PBXFileReference; lastKnownFileType = sourcecode.swift; path = KkoFileModel.swift; sourceTree = "<group>"; };
		A92ABAC02A64E5D1004B4972 /* ProjectDocumentView.swift */ = {isa = PBXFileReference; lastKnownFileType = sourcecode.swift; path = ProjectDocumentView.swift; sourceTree = "<group>"; };
		A92ABAC72A654132004B4972 /* ProjectCardView.swift */ = {isa = PBXFileReference; lastKnownFileType = sourcecode.swift; path = ProjectCardView.swift; sourceTree = "<group>"; };
		A92ABAC92A655E05004B4972 /* DateManager.swift */ = {isa = PBXFileReference; lastKnownFileType = sourcecode.swift; path = DateManager.swift; sourceTree = "<group>"; };
		A92ABAD12A657369004B4972 /* Font+Extension.swift */ = {isa = PBXFileReference; lastKnownFileType = sourcecode.swift; path = "Font+Extension.swift"; sourceTree = "<group>"; };
		A938398A2A5CF2410075A97F /* HomeVM.swift */ = {isa = PBXFileReference; lastKnownFileType = sourcecode.swift; path = HomeVM.swift; sourceTree = "<group>"; };
		A938398C2A5CF3020075A97F /* HomeView.swift */ = {isa = PBXFileReference; lastKnownFileType = sourcecode.swift; path = HomeView.swift; sourceTree = "<group>"; };
		A93839992A5D3F430075A97F /* PresentationView.swift */ = {isa = PBXFileReference; lastKnownFileType = sourcecode.swift; path = PresentationView.swift; sourceTree = "<group>"; };
		A938399B2A5D3F540075A97F /* ProjectHistoryView.swift */ = {isa = PBXFileReference; lastKnownFileType = sourcecode.swift; path = ProjectHistoryView.swift; sourceTree = "<group>"; };
		A938399D2A5DA13F0075A97F /* CustomLabel.swift */ = {isa = PBXFileReference; lastKnownFileType = sourcecode.swift; path = CustomLabel.swift; sourceTree = "<group>"; };
		A94147FB2A573BFC001256CB /* FontModifier.swift */ = {isa = PBXFileReference; lastKnownFileType = sourcecode.swift; path = FontModifier.swift; sourceTree = "<group>"; };
		A94147FD2A573D01001256CB /* View+Extension.swift */ = {isa = PBXFileReference; lastKnownFileType = sourcecode.swift; path = "View+Extension.swift"; sourceTree = "<group>"; };
		A945F0332A56788500DC62D7 /* ForJaeRin.app */ = {isa = PBXFileReference; explicitFileType = wrapper.application; includeInIndex = 0; path = ForJaeRin.app; sourceTree = BUILT_PRODUCTS_DIR; };
		A945F0362A56788500DC62D7 /* ForJaeRinApp.swift */ = {isa = PBXFileReference; lastKnownFileType = sourcecode.swift; path = ForJaeRinApp.swift; sourceTree = "<group>"; };
		A945F03A2A56788700DC62D7 /* Assets.xcassets */ = {isa = PBXFileReference; lastKnownFileType = folder.assetcatalog; path = Assets.xcassets; sourceTree = "<group>"; };
		A945F03D2A56788700DC62D7 /* Preview Assets.xcassets */ = {isa = PBXFileReference; lastKnownFileType = folder.assetcatalog; path = "Preview Assets.xcassets"; sourceTree = "<group>"; };
		A945F03F2A56788700DC62D7 /* ForJaeRin.entitlements */ = {isa = PBXFileReference; lastKnownFileType = text.plist.entitlements; path = ForJaeRin.entitlements; sourceTree = "<group>"; };
		A945F0442A56788700DC62D7 /* ForJaeRinTests.xctest */ = {isa = PBXFileReference; explicitFileType = wrapper.cfbundle; includeInIndex = 0; path = ForJaeRinTests.xctest; sourceTree = BUILT_PRODUCTS_DIR; };
		A945F0482A56788700DC62D7 /* ForJaeRinTests.swift */ = {isa = PBXFileReference; lastKnownFileType = sourcecode.swift; path = ForJaeRinTests.swift; sourceTree = "<group>"; };
		A945F04E2A56788700DC62D7 /* ForJaeRinUITests.xctest */ = {isa = PBXFileReference; explicitFileType = wrapper.cfbundle; includeInIndex = 0; path = ForJaeRinUITests.xctest; sourceTree = BUILT_PRODUCTS_DIR; };
		A945F0522A56788700DC62D7 /* ForJaeRinUITests.swift */ = {isa = PBXFileReference; lastKnownFileType = sourcecode.swift; path = ForJaeRinUITests.swift; sourceTree = "<group>"; };
		A945F0542A56788700DC62D7 /* ForJaeRinUITestsLaunchTests.swift */ = {isa = PBXFileReference; lastKnownFileType = sourcecode.swift; path = ForJaeRinUITestsLaunchTests.swift; sourceTree = "<group>"; };
		A945F0632A56ABC800DC62D7 /* .swiftlint.yml */ = {isa = PBXFileReference; lastKnownFileType = text.yaml; path = .swiftlint.yml; sourceTree = "<group>"; };
		A968E6A82A67C0B0008C6738 /* sample.json */ = {isa = PBXFileReference; lastKnownFileType = text.json; path = sample.json; sourceTree = "<group>"; };
		A968E6AD2A67CAD8008C6738 /* BorderModifier.swift */ = {isa = PBXFileReference; lastKnownFileType = sourcecode.swift; path = BorderModifier.swift; sourceTree = "<group>"; };
		A968E6B02A67D589008C6738 /* ProjectDocumentVM.swift */ = {isa = PBXFileReference; lastKnownFileType = sourcecode.swift; path = ProjectDocumentVM.swift; sourceTree = "<group>"; };
		A968E6B32A6833ED008C6738 /* PresentationProgressView.swift */ = {isa = PBXFileReference; lastKnownFileType = sourcecode.swift; path = PresentationProgressView.swift; sourceTree = "<group>"; };
		A97FBE3E2A5E4BCD00B9F94B /* ImportPDFView.swift */ = {isa = PBXFileReference; lastKnownFileType = sourcecode.swift; path = ImportPDFView.swift; sourceTree = "<group>"; };
		A97FBE402A5E4C6E00B9F94B /* ButtonModifier.swift */ = {isa = PBXFileReference; lastKnownFileType = sourcecode.swift; path = ButtonModifier.swift; sourceTree = "<group>"; };
		A97FBE432A5E50DC00B9F94B /* VoiceVisualizationView.swift */ = {isa = PBXFileReference; lastKnownFileType = sourcecode.swift; path = VoiceVisualizationView.swift; sourceTree = "<group>"; };
		A97FBE462A5E823300B9F94B /* KeywordListView.swift */ = {isa = PBXFileReference; lastKnownFileType = sourcecode.swift; path = KeywordListView.swift; sourceTree = "<group>"; };
		A97FBE482A5E84E400B9F94B /* PresentationPDFView.swift */ = {isa = PBXFileReference; lastKnownFileType = sourcecode.swift; path = PresentationPDFView.swift; sourceTree = "<group>"; };
		A97FBE4C2A5E867500B9F94B /* PDFView.swift */ = {isa = PBXFileReference; lastKnownFileType = sourcecode.swift; path = PDFView.swift; sourceTree = "<group>"; };
		A97FBE4E2A5E887900B9F94B /* sample.pdf */ = {isa = PBXFileReference; lastKnownFileType = image.pdf; path = sample.pdf; sourceTree = "<group>"; };
		A97FBE512A5E892A00B9F94B /* AudioControllerView.swift */ = {isa = PBXFileReference; lastKnownFileType = sourcecode.swift; path = AudioControllerView.swift; sourceTree = "<group>"; };
		A97FBE542A5E896B00B9F94B /* PresentationTimerView.swift */ = {isa = PBXFileReference; lastKnownFileType = sourcecode.swift; path = PresentationTimerView.swift; sourceTree = "<group>"; };
		A97FBE582A5E962500B9F94B /* ProjectHistoryListView.swift */ = {isa = PBXFileReference; lastKnownFileType = sourcecode.swift; path = ProjectHistoryListView.swift; sourceTree = "<group>"; };
		A97FBE5A2A5E962E00B9F94B /* ProjectSummaryView.swift */ = {isa = PBXFileReference; lastKnownFileType = sourcecode.swift; path = ProjectSummaryView.swift; sourceTree = "<group>"; };
		A98A28902A605CA60043C8C1 /* PDFDocumentManager.swift */ = {isa = PBXFileReference; lastKnownFileType = sourcecode.swift; path = PDFDocumentManager.swift; sourceTree = "<group>"; };
		A98A28922A605D570043C8C1 /* PDFPageModel.swift */ = {isa = PBXFileReference; lastKnownFileType = sourcecode.swift; path = PDFPageModel.swift; sourceTree = "<group>"; };
		A98A28942A605ED40043C8C1 /* ProjectFileManager.swift */ = {isa = PBXFileReference; lastKnownFileType = sourcecode.swift; path = ProjectFileManager.swift; sourceTree = "<group>"; };
		A98A28962A60604F0043C8C1 /* PDFGroupModel.swift */ = {isa = PBXFileReference; lastKnownFileType = sourcecode.swift; path = PDFGroupModel.swift; sourceTree = "<group>"; };
		A98A28982A6062C50043C8C1 /* PracticeModel.swift */ = {isa = PBXFileReference; lastKnownFileType = sourcecode.swift; path = PracticeModel.swift; sourceTree = "<group>"; };
		A98A289A2A6068320043C8C1 /* ProjectMetadataModel.swift */ = {isa = PBXFileReference; lastKnownFileType = sourcecode.swift; path = ProjectMetadataModel.swift; sourceTree = "<group>"; };
		A98A289D2A60D1720043C8C1 /* ProjectPlanView.swift */ = {isa = PBXFileReference; lastKnownFileType = sourcecode.swift; path = ProjectPlanView.swift; sourceTree = "<group>"; };
		A98A28A02A6125A30043C8C1 /* PresentationPageList.swift */ = {isa = PBXFileReference; lastKnownFileType = sourcecode.swift; path = PresentationPageList.swift; sourceTree = "<group>"; };
		A98A28A22A6125B50043C8C1 /* PresentationPageListItem.swift */ = {isa = PBXFileReference; lastKnownFileType = sourcecode.swift; path = PresentationPageListItem.swift; sourceTree = "<group>"; };
		A98A28A62A6130890043C8C1 /* sampleProject.pdf */ = {isa = PBXFileReference; lastKnownFileType = image.pdf; path = sampleProject.pdf; sourceTree = "<group>"; };
		A98A28A92A6130D00043C8C1 /* sampleProject.json */ = {isa = PBXFileReference; lastKnownFileType = text.json; path = sampleProject.json; sourceTree = "<group>"; };
		A99526CC2A5DBC43008510CF /* Color+Extension.swift */ = {isa = PBXFileReference; lastKnownFileType = sourcecode.swift; path = "Color+Extension.swift"; sourceTree = "<group>"; };
		A99526CF2A5E334D008510CF /* FileExporterButtonView.swift */ = {isa = PBXFileReference; lastKnownFileType = sourcecode.swift; path = FileExporterButtonView.swift; sourceTree = "<group>"; };
		A99526D12A5E3356008510CF /* FileImporterButtonView.swift */ = {isa = PBXFileReference; lastKnownFileType = sourcecode.swift; path = FileImporterButtonView.swift; sourceTree = "<group>"; };
/* End PBXFileReference section */

/* Begin PBXFrameworksBuildPhase section */
		A945F0302A56788500DC62D7 /* Frameworks */ = {
			isa = PBXFrameworksBuildPhase;
			buildActionMask = 2147483647;
			files = (
				A92ABAD02A657208004B4972 /* Pretendard in Frameworks */,
			);
			runOnlyForDeploymentPostprocessing = 0;
		};
		A945F0412A56788700DC62D7 /* Frameworks */ = {
			isa = PBXFrameworksBuildPhase;
			buildActionMask = 2147483647;
			files = (
			);
			runOnlyForDeploymentPostprocessing = 0;
		};
		A945F04B2A56788700DC62D7 /* Frameworks */ = {
			isa = PBXFrameworksBuildPhase;
			buildActionMask = 2147483647;
			files = (
			);
			runOnlyForDeploymentPostprocessing = 0;
		};
/* End PBXFrameworksBuildPhase section */

/* Begin PBXGroup section */
		112F60A52A68320600D19446 /* Keyword */ = {
			isa = PBXGroup;
			children = (
				112F60A62A68322B00D19446 /* KeywordFieldView.swift */,
				112F60A82A68326100D19446 /* KeywordView.swift */,
			);
			path = Keyword;
			sourceTree = "<group>";
		};
		A91E90192A5B072D00EBB3F2 /* Utils */ = {
			isa = PBXGroup;
			children = (
				A91E901C2A5B074A00EBB3F2 /* AppFileManager.swift */,
				A91E90282A5B98BA00EBB3F2 /* VoiceManager.swift */,
				A91E902A2A5BAEDA00EBB3F2 /* SpeechRecognizer.swift */,
				A92ABABA2A64E0D0004B4972 /* AppFileDocument.swift */,
				A92ABAC92A655E05004B4972 /* DateManager.swift */,
			);
			path = Utils;
			sourceTree = "<group>";
		};
		A91E901E2A5B19FE00EBB3F2 /* Components */ = {
			isa = PBXGroup;
			children = (
				A97FBE4B2A5E866B00B9F94B /* PDFView */,
				A99526CE2A5E32C7008510CF /* FileSystemView */,
				A91E901F2A5B1A0B00EBB3F2 /* ButtonView */,
				A92ABAB52A630A94004B4972 /* ChipView.swift */,
			);
			path = Components;
			sourceTree = "<group>";
		};
		A91E901F2A5B1A0B00EBB3F2 /* ButtonView */ = {
			isa = PBXGroup;
			children = (
				A91E90202A5B1A1C00EBB3F2 /* ButtonView.swift */,
			);
			path = ButtonView;
			sourceTree = "<group>";
		};
		A92ABAB92A64C38B004B4972 /* practice */ = {
			isa = PBXGroup;
			children = (
			);
			path = practice;
			sourceTree = "<group>";
		};
		A92ABABF2A64E36A004B4972 /* KkoFileModels */ = {
			isa = PBXGroup;
			children = (
				A92ABABD2A64E363004B4972 /* KkoFileModel.swift */,
			);
			path = KkoFileModels;
			sourceTree = "<group>";
		};
		A92ABAC22A64E5DA004B4972 /* ProjectDocumentView */ = {
			isa = PBXGroup;
			children = (
				A92ABAC02A64E5D1004B4972 /* ProjectDocumentView.swift */,
			);
			path = ProjectDocumentView;
			sourceTree = "<group>";
		};
		A93839862A5CEFB20075A97F /* App */ = {
			isa = PBXGroup;
			children = (
				A945F0362A56788500DC62D7 /* ForJaeRinApp.swift */,
				A945F03F2A56788700DC62D7 /* ForJaeRin.entitlements */,
				A945F03C2A56788700DC62D7 /* Preview Content */,
			);
			path = App;
			sourceTree = "<group>";
		};
		A93839872A5CF2090075A97F /* HomeView */ = {
			isa = PBXGroup;
			children = (
				A97FBE3D2A5E4BB500B9F94B /* ImportPDFView */,
				A938398C2A5CF3020075A97F /* HomeView.swift */,
				A92ABAC72A654132004B4972 /* ProjectCardView.swift */,
			);
			path = HomeView;
			sourceTree = "<group>";
		};
		A93839892A5CF22E0075A97F /* HomeVM */ = {
			isa = PBXGroup;
			children = (
				A938398A2A5CF2410075A97F /* HomeVM.swift */,
			);
			path = HomeVM;
			sourceTree = "<group>";
		};
		A93839912A5D3C860075A97F /* ProjectView */ = {
			isa = PBXGroup;
			children = (
				A92ABAC22A64E5DA004B4972 /* ProjectDocumentView */,
				A98A289C2A60D1620043C8C1 /* ProjectPlanView */,
				A93839982A5D3EF10075A97F /* ProjectHistoryView */,
				A93839972A5D3ECF0075A97F /* PresentationView */,
			);
			path = ProjectView;
			sourceTree = "<group>";
		};
		A93839972A5D3ECF0075A97F /* PresentationView */ = {
			isa = PBXGroup;
			children = (
				A93839992A5D3F430075A97F /* PresentationView.swift */,
				A968E6B22A6833C3008C6738 /* PresentationProgressView */,
				A97FBE532A5E895D00B9F94B /* PresentationTimerView */,
				A97FBE502A5E891C00B9F94B /* AudioControllerView */,
				A97FBE4A2A5E84E800B9F94B /* PresentationPDFView */,
				A97FBE452A5E818700B9F94B /* KeywordListView */,
				A97FBE422A5E50C500B9F94B /* VoiceVisualizationView */,
			);
			path = PresentationView;
			sourceTree = "<group>";
		};
		A93839982A5D3EF10075A97F /* ProjectHistoryView */ = {
			isa = PBXGroup;
			children = (
				A938399B2A5D3F540075A97F /* ProjectHistoryView.swift */,
				A97FBE572A5E95FD00B9F94B /* ProjectHistoryListView */,
				A97FBE562A5E95DF00B9F94B /* ProjectSummaryView */,
			);
			path = ProjectHistoryView;
			sourceTree = "<group>";
		};
		A945F02A2A56788500DC62D7 = {
			isa = PBXGroup;
			children = (
				A945F0632A56ABC800DC62D7 /* .swiftlint.yml */,
				A945F0352A56788500DC62D7 /* ForJaeRin */,
				A945F0472A56788700DC62D7 /* ForJaeRinTests */,
				A945F0512A56788700DC62D7 /* ForJaeRinUITests */,
				A945F0342A56788500DC62D7 /* Products */,
			);
			sourceTree = "<group>";
		};
		A945F0342A56788500DC62D7 /* Products */ = {
			isa = PBXGroup;
			children = (
				A945F0332A56788500DC62D7 /* ForJaeRin.app */,
				A945F0442A56788700DC62D7 /* ForJaeRinTests.xctest */,
				A945F04E2A56788700DC62D7 /* ForJaeRinUITests.xctest */,
			);
			name = Products;
			sourceTree = "<group>";
		};
		A945F0352A56788500DC62D7 /* ForJaeRin */ = {
			isa = PBXGroup;
			children = (
				A92ABABC2A64E17D004B4972 /* Info.plist */,
				A93839862A5CEFB20075A97F /* App */,
				A91E90192A5B072D00EBB3F2 /* Utils */,
				A945F0682A570A2500DC62D7 /* Global */,
				A945F0672A570A1A00DC62D7 /* Models */,
				A945F0732A57106F00DC62D7 /* Data */,
				A945F0712A570E8900DC62D7 /* Presentation */,
			);
			path = ForJaeRin;
			sourceTree = "<group>";
		};
		A945F03C2A56788700DC62D7 /* Preview Content */ = {
			isa = PBXGroup;
			children = (
				A945F03D2A56788700DC62D7 /* Preview Assets.xcassets */,
			);
			path = "Preview Content";
			sourceTree = "<group>";
		};
		A945F0472A56788700DC62D7 /* ForJaeRinTests */ = {
			isa = PBXGroup;
			children = (
				A945F0482A56788700DC62D7 /* ForJaeRinTests.swift */,
			);
			path = ForJaeRinTests;
			sourceTree = "<group>";
		};
		A945F0512A56788700DC62D7 /* ForJaeRinUITests */ = {
			isa = PBXGroup;
			children = (
				A945F0522A56788700DC62D7 /* ForJaeRinUITests.swift */,
				A945F0542A56788700DC62D7 /* ForJaeRinUITestsLaunchTests.swift */,
			);
			path = ForJaeRinUITests;
			sourceTree = "<group>";
		};
		A945F0652A5709E900DC62D7 /* Views */ = {
			isa = PBXGroup;
			children = (
				A91E901E2A5B19FE00EBB3F2 /* Components */,
				A93839912A5D3C860075A97F /* ProjectView */,
				A93839872A5CF2090075A97F /* HomeView */,
			);
			path = Views;
			sourceTree = "<group>";
		};
		A945F0672A570A1A00DC62D7 /* Models */ = {
			isa = PBXGroup;
			children = (
				A92ABABF2A64E36A004B4972 /* KkoFileModels */,
				A98A288F2A605C710043C8C1 /* PDFModels */,
				A98A288E2A605C4D0043C8C1 /* ProjectModels */,
			);
			path = Models;
			sourceTree = "<group>";
		};
		A945F0682A570A2500DC62D7 /* Global */ = {
			isa = PBXGroup;
			children = (
				A945F06F2A570D9B00DC62D7 /* Resources */,
				A945F06D2A570AA000DC62D7 /* Modifier */,
				A945F06B2A570A5C00DC62D7 /* Extension */,
			);
			path = Global;
			sourceTree = "<group>";
		};
		A945F06B2A570A5C00DC62D7 /* Extension */ = {
			isa = PBXGroup;
			children = (
				A94147FD2A573D01001256CB /* View+Extension.swift */,
				A99526CC2A5DBC43008510CF /* Color+Extension.swift */,
				A92ABAD12A657369004B4972 /* Font+Extension.swift */,
				112F60A32A6831BF00D19446 /* String+Extension.swift */,
			);
			path = Extension;
			sourceTree = "<group>";
		};
		A945F06D2A570AA000DC62D7 /* Modifier */ = {
			isa = PBXGroup;
			children = (
				A94147FB2A573BFC001256CB /* FontModifier.swift */,
				A97FBE402A5E4C6E00B9F94B /* ButtonModifier.swift */,
				A938399D2A5DA13F0075A97F /* CustomLabel.swift */,
				A968E6AD2A67CAD8008C6738 /* BorderModifier.swift */,
			);
			path = Modifier;
			sourceTree = "<group>";
		};
		A945F06F2A570D9B00DC62D7 /* Resources */ = {
			isa = PBXGroup;
			children = (
				A98A28A42A6130150043C8C1 /* SampleProject */,
				A97FBE4E2A5E887900B9F94B /* sample.pdf */,
				A945F03A2A56788700DC62D7 /* Assets.xcassets */,
				A912BA982A613C4100A3321E /* sampleFile.json */,
			);
			path = Resources;
			sourceTree = "<group>";
		};
		A945F0712A570E8900DC62D7 /* Presentation */ = {
			isa = PBXGroup;
			children = (
				A945F0722A570EE100DC62D7 /* ViewModels */,
				A945F0652A5709E900DC62D7 /* Views */,
			);
			path = Presentation;
			sourceTree = "<group>";
		};
		A945F0722A570EE100DC62D7 /* ViewModels */ = {
			isa = PBXGroup;
			children = (
				A968E6AF2A67D568008C6738 /* ProjectVM */,
				A93839892A5CF22E0075A97F /* HomeVM */,
			);
			path = ViewModels;
			sourceTree = "<group>";
		};
		A945F0732A57106F00DC62D7 /* Data */ = {
			isa = PBXGroup;
			children = (
				A968E6A82A67C0B0008C6738 /* sample.json */,
			);
			path = Data;
			sourceTree = "<group>";
		};
		A968E6AF2A67D568008C6738 /* ProjectVM */ = {
			isa = PBXGroup;
			children = (
				A968E6B02A67D589008C6738 /* ProjectDocumentVM.swift */,
			);
			path = ProjectVM;
			sourceTree = "<group>";
		};
		A968E6B22A6833C3008C6738 /* PresentationProgressView */ = {
			isa = PBXGroup;
			children = (
				A968E6B32A6833ED008C6738 /* PresentationProgressView.swift */,
			);
			path = PresentationProgressView;
			sourceTree = "<group>";
		};
		A97FBE3D2A5E4BB500B9F94B /* ImportPDFView */ = {
			isa = PBXGroup;
			children = (
				A97FBE3E2A5E4BCD00B9F94B /* ImportPDFView.swift */,
				4373B8AB2A66713400518FF7 /* InputPresentationInfoView.swift */,
				4373B8AD2A66714200518FF7 /* InputScriptView.swift */,
				4373B8AF2A66714F00518FF7 /* SettingGroupView.swift */,
			);
			path = ImportPDFView;
			sourceTree = "<group>";
		};
		A97FBE422A5E50C500B9F94B /* VoiceVisualizationView */ = {
			isa = PBXGroup;
			children = (
				A97FBE432A5E50DC00B9F94B /* VoiceVisualizationView.swift */,
			);
			path = VoiceVisualizationView;
			sourceTree = "<group>";
		};
		A97FBE452A5E818700B9F94B /* KeywordListView */ = {
			isa = PBXGroup;
			children = (
				A97FBE462A5E823300B9F94B /* KeywordListView.swift */,
			);
			path = KeywordListView;
			sourceTree = "<group>";
		};
		A97FBE4A2A5E84E800B9F94B /* PresentationPDFView */ = {
			isa = PBXGroup;
			children = (
				A97FBE482A5E84E400B9F94B /* PresentationPDFView.swift */,
			);
			path = PresentationPDFView;
			sourceTree = "<group>";
		};
		A97FBE4B2A5E866B00B9F94B /* PDFView */ = {
			isa = PBXGroup;
			children = (
				A97FBE4C2A5E867500B9F94B /* PDFView.swift */,
			);
			path = PDFView;
			sourceTree = "<group>";
		};
		A97FBE502A5E891C00B9F94B /* AudioControllerView */ = {
			isa = PBXGroup;
			children = (
				A97FBE512A5E892A00B9F94B /* AudioControllerView.swift */,
			);
			path = AudioControllerView;
			sourceTree = "<group>";
		};
		A97FBE532A5E895D00B9F94B /* PresentationTimerView */ = {
			isa = PBXGroup;
			children = (
				A97FBE542A5E896B00B9F94B /* PresentationTimerView.swift */,
			);
			path = PresentationTimerView;
			sourceTree = "<group>";
		};
		A97FBE562A5E95DF00B9F94B /* ProjectSummaryView */ = {
			isa = PBXGroup;
			children = (
				A97FBE5A2A5E962E00B9F94B /* ProjectSummaryView.swift */,
			);
			path = ProjectSummaryView;
			sourceTree = "<group>";
		};
		A97FBE572A5E95FD00B9F94B /* ProjectHistoryListView */ = {
			isa = PBXGroup;
			children = (
				A97FBE582A5E962500B9F94B /* ProjectHistoryListView.swift */,
			);
			path = ProjectHistoryListView;
			sourceTree = "<group>";
		};
		A98A288E2A605C4D0043C8C1 /* ProjectModels */ = {
			isa = PBXGroup;
			children = (
				A98A28942A605ED40043C8C1 /* ProjectFileManager.swift */,
				A98A289A2A6068320043C8C1 /* ProjectMetadataModel.swift */,
				A98A28982A6062C50043C8C1 /* PracticeModel.swift */,
			);
			path = ProjectModels;
			sourceTree = "<group>";
		};
		A98A288F2A605C710043C8C1 /* PDFModels */ = {
			isa = PBXGroup;
			children = (
				A98A28902A605CA60043C8C1 /* PDFDocumentManager.swift */,
				A98A28922A605D570043C8C1 /* PDFPageModel.swift */,
				A98A28962A60604F0043C8C1 /* PDFGroupModel.swift */,
				43E88F9A2A64E36C001791DC /* MyData.swift */,
			);
			path = PDFModels;
			sourceTree = "<group>";
		};
		A98A289C2A60D1620043C8C1 /* ProjectPlanView */ = {
			isa = PBXGroup;
			children = (
				A98A289D2A60D1720043C8C1 /* ProjectPlanView.swift */,
				A98A289F2A6125820043C8C1 /* PresentationPageList */,
			);
			path = ProjectPlanView;
			sourceTree = "<group>";
		};
		A98A289F2A6125820043C8C1 /* PresentationPageList */ = {
			isa = PBXGroup;
			children = (
				112F60A52A68320600D19446 /* Keyword */,
				A98A28A02A6125A30043C8C1 /* PresentationPageList.swift */,
				A98A28A22A6125B50043C8C1 /* PresentationPageListItem.swift */,
				A92ABAB72A63BE48004B4972 /* PresentationPageListOnboardingView.swift */,
			);
			path = PresentationPageList;
			sourceTree = "<group>";
		};
		A98A28A42A6130150043C8C1 /* SampleProject */ = {
			isa = PBXGroup;
			children = (
				A92ABAB92A64C38B004B4972 /* practice */,
				A98A28A62A6130890043C8C1 /* sampleProject.pdf */,
				A98A28A92A6130D00043C8C1 /* sampleProject.json */,
			);
			path = SampleProject;
			sourceTree = "<group>";
		};
		A99526CE2A5E32C7008510CF /* FileSystemView */ = {
			isa = PBXGroup;
			children = (
				A99526CF2A5E334D008510CF /* FileExporterButtonView.swift */,
				A99526D12A5E3356008510CF /* FileImporterButtonView.swift */,
			);
			path = FileSystemView;
			sourceTree = "<group>";
		};
/* End PBXGroup section */

/* Begin PBXNativeTarget section */
		A945F0322A56788500DC62D7 /* ForJaeRin */ = {
			isa = PBXNativeTarget;
			buildConfigurationList = A945F0582A56788700DC62D7 /* Build configuration list for PBXNativeTarget "ForJaeRin" */;
			buildPhases = (
				A945F0622A56A91200DC62D7 /* Swift Format */,
				A945F0612A56A1BB00DC62D7 /* Swift Lint */,
				A945F02F2A56788500DC62D7 /* Sources */,
				A945F0302A56788500DC62D7 /* Frameworks */,
				A945F0312A56788500DC62D7 /* Resources */,
			);
			buildRules = (
			);
			dependencies = (
			);
			name = ForJaeRin;
			packageProductDependencies = (
				A92ABACF2A657208004B4972 /* Pretendard */,
			);
			productName = ForJaeRin;
			productReference = A945F0332A56788500DC62D7 /* ForJaeRin.app */;
			productType = "com.apple.product-type.application";
		};
		A945F0432A56788700DC62D7 /* ForJaeRinTests */ = {
			isa = PBXNativeTarget;
			buildConfigurationList = A945F05B2A56788700DC62D7 /* Build configuration list for PBXNativeTarget "ForJaeRinTests" */;
			buildPhases = (
				A945F0402A56788700DC62D7 /* Sources */,
				A945F0412A56788700DC62D7 /* Frameworks */,
				A945F0422A56788700DC62D7 /* Resources */,
			);
			buildRules = (
			);
			dependencies = (
				A945F0462A56788700DC62D7 /* PBXTargetDependency */,
			);
			name = ForJaeRinTests;
			productName = ForJaeRinTests;
			productReference = A945F0442A56788700DC62D7 /* ForJaeRinTests.xctest */;
			productType = "com.apple.product-type.bundle.unit-test";
		};
		A945F04D2A56788700DC62D7 /* ForJaeRinUITests */ = {
			isa = PBXNativeTarget;
			buildConfigurationList = A945F05E2A56788700DC62D7 /* Build configuration list for PBXNativeTarget "ForJaeRinUITests" */;
			buildPhases = (
				A945F04A2A56788700DC62D7 /* Sources */,
				A945F04B2A56788700DC62D7 /* Frameworks */,
				A945F04C2A56788700DC62D7 /* Resources */,
			);
			buildRules = (
			);
			dependencies = (
				A945F0502A56788700DC62D7 /* PBXTargetDependency */,
			);
			name = ForJaeRinUITests;
			productName = ForJaeRinUITests;
			productReference = A945F04E2A56788700DC62D7 /* ForJaeRinUITests.xctest */;
			productType = "com.apple.product-type.bundle.ui-testing";
		};
/* End PBXNativeTarget section */

/* Begin PBXProject section */
		A945F02B2A56788500DC62D7 /* Project object */ = {
			isa = PBXProject;
			attributes = {
				BuildIndependentTargetsInParallel = 1;
				LastSwiftUpdateCheck = 1430;
				LastUpgradeCheck = 1430;
				TargetAttributes = {
					A945F0322A56788500DC62D7 = {
						CreatedOnToolsVersion = 14.3;
					};
					A945F0432A56788700DC62D7 = {
						CreatedOnToolsVersion = 14.3;
						TestTargetID = A945F0322A56788500DC62D7;
					};
					A945F04D2A56788700DC62D7 = {
						CreatedOnToolsVersion = 14.3;
						TestTargetID = A945F0322A56788500DC62D7;
					};
				};
			};
			buildConfigurationList = A945F02E2A56788500DC62D7 /* Build configuration list for PBXProject "ForJaeRin" */;
			compatibilityVersion = "Xcode 14.0";
			developmentRegion = en;
			hasScannedForEncodings = 0;
			knownRegions = (
				en,
				Base,
			);
			mainGroup = A945F02A2A56788500DC62D7;
			packageReferences = (
				A92ABACE2A657208004B4972 /* XCRemoteSwiftPackageReference "Pretendard" */,
			);
			productRefGroup = A945F0342A56788500DC62D7 /* Products */;
			projectDirPath = "";
			projectRoot = "";
			targets = (
				A945F0322A56788500DC62D7 /* ForJaeRin */,
				A945F0432A56788700DC62D7 /* ForJaeRinTests */,
				A945F04D2A56788700DC62D7 /* ForJaeRinUITests */,
			);
		};
/* End PBXProject section */

/* Begin PBXResourcesBuildPhase section */
		A945F0312A56788500DC62D7 /* Resources */ = {
			isa = PBXResourcesBuildPhase;
			buildActionMask = 2147483647;
			files = (
				A912BA992A613C4100A3321E /* sampleFile.json in Resources */,
				A945F0642A56ABC800DC62D7 /* .swiftlint.yml in Resources */,
				A98A28AA2A6130D00043C8C1 /* sampleProject.json in Resources */,
				A98A28A72A6130890043C8C1 /* sampleProject.pdf in Resources */,
				A945F03E2A56788700DC62D7 /* Preview Assets.xcassets in Resources */,
				A968E6A92A67C0B0008C6738 /* sample.json in Resources */,
				A945F03B2A56788700DC62D7 /* Assets.xcassets in Resources */,
				A97FBE4F2A5E887900B9F94B /* sample.pdf in Resources */,
			);
			runOnlyForDeploymentPostprocessing = 0;
		};
		A945F0422A56788700DC62D7 /* Resources */ = {
			isa = PBXResourcesBuildPhase;
			buildActionMask = 2147483647;
			files = (
			);
			runOnlyForDeploymentPostprocessing = 0;
		};
		A945F04C2A56788700DC62D7 /* Resources */ = {
			isa = PBXResourcesBuildPhase;
			buildActionMask = 2147483647;
			files = (
			);
			runOnlyForDeploymentPostprocessing = 0;
		};
/* End PBXResourcesBuildPhase section */

/* Begin PBXShellScriptBuildPhase section */
		A945F0612A56A1BB00DC62D7 /* Swift Lint */ = {
			isa = PBXShellScriptBuildPhase;
			buildActionMask = 2147483647;
			files = (
			);
			inputFileListPaths = (
			);
			inputPaths = (
			);
			name = "Swift Lint";
			outputFileListPaths = (
			);
			outputPaths = (
			);
			runOnlyForDeploymentPostprocessing = 0;
			shellPath = /bin/sh;
			shellScript = "if [[ \"$(uname -m)\" == arm64 ]]; then\n    export PATH=\"/opt/homebrew/bin:$PATH\"\nfi\n\nif which swiftlint > /dev/null; then\n  swiftlint\nelse\n  echo \"warning: SwiftLint not installed, download from https://github.com/realm/SwiftLint\"\nfi\n";
		};
		A945F0622A56A91200DC62D7 /* Swift Format */ = {
			isa = PBXShellScriptBuildPhase;
			buildActionMask = 2147483647;
			files = (
			);
			inputFileListPaths = (
			);
			inputPaths = (
			);
			name = "Swift Format";
			outputFileListPaths = (
			);
			outputPaths = (
			);
			runOnlyForDeploymentPostprocessing = 0;
			shellPath = /bin/sh;
			shellScript = "# Type a script or drag a script file from your workspace to insert its path.\n# export PATH=\"$PATH:/opt/homebrew/bin\"\n# if which swiftformat > /dev/null; then\n#   swiftformat .\n# else\n#   echo \"warning: SwiftFormat not installed, download from https://github.com/nicklockwood/SwiftFormat\"\n# fi\n\n";
		};
/* End PBXShellScriptBuildPhase section */

/* Begin PBXSourcesBuildPhase section */
		A945F02F2A56788500DC62D7 /* Sources */ = {
			isa = PBXSourcesBuildPhase;
			buildActionMask = 2147483647;
			files = (
				A98A28912A605CA60043C8C1 /* PDFDocumentManager.swift in Sources */,
				A97FBE3F2A5E4BCD00B9F94B /* ImportPDFView.swift in Sources */,
				A92ABAB82A63BE48004B4972 /* PresentationPageListOnboardingView.swift in Sources */,
				A99526D02A5E334D008510CF /* FileExporterButtonView.swift in Sources */,
				A92ABACA2A655E05004B4972 /* DateManager.swift in Sources */,
				A92ABAB62A630A94004B4972 /* ChipView.swift in Sources */,
				A92ABABE2A64E363004B4972 /* KkoFileModel.swift in Sources */,
				A92ABAD22A657369004B4972 /* Font+Extension.swift in Sources */,
				A97FBE522A5E892A00B9F94B /* AudioControllerView.swift in Sources */,
				4373B8AE2A66714200518FF7 /* InputScriptView.swift in Sources */,
				A98A289B2A6068320043C8C1 /* ProjectMetadataModel.swift in Sources */,
				A968E6AE2A67CAD8008C6738 /* BorderModifier.swift in Sources */,
				A98A289E2A60D1720043C8C1 /* ProjectPlanView.swift in Sources */,
				A92ABAC82A654132004B4972 /* ProjectCardView.swift in Sources */,
				A97FBE552A5E896B00B9F94B /* PresentationTimerView.swift in Sources */,
				A91E901D2A5B074A00EBB3F2 /* AppFileManager.swift in Sources */,
				112F60A42A6831BF00D19446 /* String+Extension.swift in Sources */,
				4373B8AC2A66713400518FF7 /* InputPresentationInfoView.swift in Sources */,
				A938398B2A5CF2410075A97F /* HomeVM.swift in Sources */,
				A98A28992A6062C50043C8C1 /* PracticeModel.swift in Sources */,
				A94147FC2A573BFC001256CB /* FontModifier.swift in Sources */,
				A97FBE492A5E84E400B9F94B /* PresentationPDFView.swift in Sources */,
				A938398D2A5CF3020075A97F /* HomeView.swift in Sources */,
				A92ABABB2A64E0D0004B4972 /* AppFileDocument.swift in Sources */,
				A97FBE442A5E50DC00B9F94B /* VoiceVisualizationView.swift in Sources */,
				A98A28972A60604F0043C8C1 /* PDFGroupModel.swift in Sources */,
				A99526CD2A5DBC43008510CF /* Color+Extension.swift in Sources */,
				A938399C2A5D3F540075A97F /* ProjectHistoryView.swift in Sources */,
				A968E6B12A67D589008C6738 /* ProjectDocumentVM.swift in Sources */,
				A97FBE592A5E962500B9F94B /* ProjectHistoryListView.swift in Sources */,
				A98A28A12A6125A30043C8C1 /* PresentationPageList.swift in Sources */,
				A968E6B42A6833ED008C6738 /* PresentationProgressView.swift in Sources */,
				A91E902B2A5BAEDA00EBB3F2 /* SpeechRecognizer.swift in Sources */,
				A938399A2A5D3F430075A97F /* PresentationView.swift in Sources */,
				A98A28952A605ED40043C8C1 /* ProjectFileManager.swift in Sources */,
				A99526D22A5E3356008510CF /* FileImporterButtonView.swift in Sources */,
				A98A28A32A6125B50043C8C1 /* PresentationPageListItem.swift in Sources */,
				A938399E2A5DA13F0075A97F /* CustomLabel.swift in Sources */,
				112F60A92A68326100D19446 /* KeywordView.swift in Sources */,
				A98A28932A605D570043C8C1 /* PDFPageModel.swift in Sources */,
				4373B8B02A66714F00518FF7 /* SettingGroupView.swift in Sources */,
				A97FBE472A5E823300B9F94B /* KeywordListView.swift in Sources */,
				43E88F9B2A64E36C001791DC /* MyData.swift in Sources */,
				A94147FE2A573D01001256CB /* View+Extension.swift in Sources */,
				A97FBE412A5E4C6E00B9F94B /* ButtonModifier.swift in Sources */,
				A92ABAC12A64E5D1004B4972 /* ProjectDocumentView.swift in Sources */,
				A945F0372A56788500DC62D7 /* ForJaeRinApp.swift in Sources */,
				A97FBE5B2A5E962E00B9F94B /* ProjectSummaryView.swift in Sources */,
				A97FBE4D2A5E867500B9F94B /* PDFView.swift in Sources */,
				112F60A72A68322B00D19446 /* KeywordFieldView.swift in Sources */,
				A91E90212A5B1A1C00EBB3F2 /* ButtonView.swift in Sources */,
				A91E90292A5B98BA00EBB3F2 /* VoiceManager.swift in Sources */,
			);
			runOnlyForDeploymentPostprocessing = 0;
		};
		A945F0402A56788700DC62D7 /* Sources */ = {
			isa = PBXSourcesBuildPhase;
			buildActionMask = 2147483647;
			files = (
				A945F0492A56788700DC62D7 /* ForJaeRinTests.swift in Sources */,
			);
			runOnlyForDeploymentPostprocessing = 0;
		};
		A945F04A2A56788700DC62D7 /* Sources */ = {
			isa = PBXSourcesBuildPhase;
			buildActionMask = 2147483647;
			files = (
				A945F0532A56788700DC62D7 /* ForJaeRinUITests.swift in Sources */,
				A945F0552A56788700DC62D7 /* ForJaeRinUITestsLaunchTests.swift in Sources */,
			);
			runOnlyForDeploymentPostprocessing = 0;
		};
/* End PBXSourcesBuildPhase section */

/* Begin PBXTargetDependency section */
		A945F0462A56788700DC62D7 /* PBXTargetDependency */ = {
			isa = PBXTargetDependency;
			target = A945F0322A56788500DC62D7 /* ForJaeRin */;
			targetProxy = A945F0452A56788700DC62D7 /* PBXContainerItemProxy */;
		};
		A945F0502A56788700DC62D7 /* PBXTargetDependency */ = {
			isa = PBXTargetDependency;
			target = A945F0322A56788500DC62D7 /* ForJaeRin */;
			targetProxy = A945F04F2A56788700DC62D7 /* PBXContainerItemProxy */;
		};
/* End PBXTargetDependency section */

/* Begin XCBuildConfiguration section */
		A945F0562A56788700DC62D7 /* Debug */ = {
			isa = XCBuildConfiguration;
			buildSettings = {
				ALWAYS_SEARCH_USER_PATHS = NO;
				CLANG_ANALYZER_NONNULL = YES;
				CLANG_ANALYZER_NUMBER_OBJECT_CONVERSION = YES_AGGRESSIVE;
				CLANG_CXX_LANGUAGE_STANDARD = "gnu++20";
				CLANG_ENABLE_MODULES = YES;
				CLANG_ENABLE_OBJC_ARC = YES;
				CLANG_ENABLE_OBJC_WEAK = YES;
				CLANG_WARN_BLOCK_CAPTURE_AUTORELEASING = YES;
				CLANG_WARN_BOOL_CONVERSION = YES;
				CLANG_WARN_COMMA = YES;
				CLANG_WARN_CONSTANT_CONVERSION = YES;
				CLANG_WARN_DEPRECATED_OBJC_IMPLEMENTATIONS = YES;
				CLANG_WARN_DIRECT_OBJC_ISA_USAGE = YES_ERROR;
				CLANG_WARN_DOCUMENTATION_COMMENTS = YES;
				CLANG_WARN_EMPTY_BODY = YES;
				CLANG_WARN_ENUM_CONVERSION = YES;
				CLANG_WARN_INFINITE_RECURSION = YES;
				CLANG_WARN_INT_CONVERSION = YES;
				CLANG_WARN_NON_LITERAL_NULL_CONVERSION = YES;
				CLANG_WARN_OBJC_IMPLICIT_RETAIN_SELF = YES;
				CLANG_WARN_OBJC_LITERAL_CONVERSION = YES;
				CLANG_WARN_OBJC_ROOT_CLASS = YES_ERROR;
				CLANG_WARN_QUOTED_INCLUDE_IN_FRAMEWORK_HEADER = YES;
				CLANG_WARN_RANGE_LOOP_ANALYSIS = YES;
				CLANG_WARN_STRICT_PROTOTYPES = YES;
				CLANG_WARN_SUSPICIOUS_MOVE = YES;
				CLANG_WARN_UNGUARDED_AVAILABILITY = YES_AGGRESSIVE;
				CLANG_WARN_UNREACHABLE_CODE = YES;
				CLANG_WARN__DUPLICATE_METHOD_MATCH = YES;
				COPY_PHASE_STRIP = NO;
				DEBUG_INFORMATION_FORMAT = dwarf;
				ENABLE_STRICT_OBJC_MSGSEND = YES;
				ENABLE_TESTABILITY = YES;
				GCC_C_LANGUAGE_STANDARD = gnu11;
				GCC_DYNAMIC_NO_PIC = NO;
				GCC_NO_COMMON_BLOCKS = YES;
				GCC_OPTIMIZATION_LEVEL = 0;
				GCC_PREPROCESSOR_DEFINITIONS = (
					"DEBUG=1",
					"$(inherited)",
				);
				GCC_WARN_64_TO_32_BIT_CONVERSION = YES;
				GCC_WARN_ABOUT_RETURN_TYPE = YES_ERROR;
				GCC_WARN_UNDECLARED_SELECTOR = YES;
				GCC_WARN_UNINITIALIZED_AUTOS = YES_AGGRESSIVE;
				GCC_WARN_UNUSED_FUNCTION = YES;
				GCC_WARN_UNUSED_VARIABLE = YES;
				MACOSX_DEPLOYMENT_TARGET = 13.3;
				MTL_ENABLE_DEBUG_INFO = INCLUDE_SOURCE;
				MTL_FAST_MATH = YES;
				ONLY_ACTIVE_ARCH = YES;
				SDKROOT = macosx;
				SWIFT_ACTIVE_COMPILATION_CONDITIONS = DEBUG;
				SWIFT_OPTIMIZATION_LEVEL = "-Onone";
			};
			name = Debug;
		};
		A945F0572A56788700DC62D7 /* Release */ = {
			isa = XCBuildConfiguration;
			buildSettings = {
				ALWAYS_SEARCH_USER_PATHS = NO;
				CLANG_ANALYZER_NONNULL = YES;
				CLANG_ANALYZER_NUMBER_OBJECT_CONVERSION = YES_AGGRESSIVE;
				CLANG_CXX_LANGUAGE_STANDARD = "gnu++20";
				CLANG_ENABLE_MODULES = YES;
				CLANG_ENABLE_OBJC_ARC = YES;
				CLANG_ENABLE_OBJC_WEAK = YES;
				CLANG_WARN_BLOCK_CAPTURE_AUTORELEASING = YES;
				CLANG_WARN_BOOL_CONVERSION = YES;
				CLANG_WARN_COMMA = YES;
				CLANG_WARN_CONSTANT_CONVERSION = YES;
				CLANG_WARN_DEPRECATED_OBJC_IMPLEMENTATIONS = YES;
				CLANG_WARN_DIRECT_OBJC_ISA_USAGE = YES_ERROR;
				CLANG_WARN_DOCUMENTATION_COMMENTS = YES;
				CLANG_WARN_EMPTY_BODY = YES;
				CLANG_WARN_ENUM_CONVERSION = YES;
				CLANG_WARN_INFINITE_RECURSION = YES;
				CLANG_WARN_INT_CONVERSION = YES;
				CLANG_WARN_NON_LITERAL_NULL_CONVERSION = YES;
				CLANG_WARN_OBJC_IMPLICIT_RETAIN_SELF = YES;
				CLANG_WARN_OBJC_LITERAL_CONVERSION = YES;
				CLANG_WARN_OBJC_ROOT_CLASS = YES_ERROR;
				CLANG_WARN_QUOTED_INCLUDE_IN_FRAMEWORK_HEADER = YES;
				CLANG_WARN_RANGE_LOOP_ANALYSIS = YES;
				CLANG_WARN_STRICT_PROTOTYPES = YES;
				CLANG_WARN_SUSPICIOUS_MOVE = YES;
				CLANG_WARN_UNGUARDED_AVAILABILITY = YES_AGGRESSIVE;
				CLANG_WARN_UNREACHABLE_CODE = YES;
				CLANG_WARN__DUPLICATE_METHOD_MATCH = YES;
				COPY_PHASE_STRIP = NO;
				DEBUG_INFORMATION_FORMAT = "dwarf-with-dsym";
				ENABLE_NS_ASSERTIONS = NO;
				ENABLE_STRICT_OBJC_MSGSEND = YES;
				GCC_C_LANGUAGE_STANDARD = gnu11;
				GCC_NO_COMMON_BLOCKS = YES;
				GCC_WARN_64_TO_32_BIT_CONVERSION = YES;
				GCC_WARN_ABOUT_RETURN_TYPE = YES_ERROR;
				GCC_WARN_UNDECLARED_SELECTOR = YES;
				GCC_WARN_UNINITIALIZED_AUTOS = YES_AGGRESSIVE;
				GCC_WARN_UNUSED_FUNCTION = YES;
				GCC_WARN_UNUSED_VARIABLE = YES;
				MACOSX_DEPLOYMENT_TARGET = 13.3;
				MTL_ENABLE_DEBUG_INFO = NO;
				MTL_FAST_MATH = YES;
				SDKROOT = macosx;
				SWIFT_COMPILATION_MODE = wholemodule;
				SWIFT_OPTIMIZATION_LEVEL = "-O";
			};
			name = Release;
		};
		A945F0592A56788700DC62D7 /* Debug */ = {
			isa = XCBuildConfiguration;
			buildSettings = {
				ASSETCATALOG_COMPILER_APPICON_NAME = AppIcon;
				ASSETCATALOG_COMPILER_GLOBAL_ACCENT_COLOR_NAME = AccentColor;
				CODE_SIGN_ENTITLEMENTS = ForJaeRin/App/ForJaeRin.entitlements;
				CODE_SIGN_STYLE = Automatic;
				COMBINE_HIDPI_IMAGES = YES;
				CURRENT_PROJECT_VERSION = 1;
				DEVELOPMENT_ASSET_PATHS = "\"ForJaeRin/App/Preview Content\"";
				DEVELOPMENT_TEAM = V7Y39HNV38;
				ENABLE_HARDENED_RUNTIME = YES;
				ENABLE_PREVIEWS = YES;
				GENERATE_INFOPLIST_FILE = YES;
				INFOPLIST_FILE = ForJaeRin/Info.plist;
				INFOPLIST_KEY_NSHumanReadableCopyright = "";
				INFOPLIST_KEY_NSMicrophoneUsageDescription = "";
				LD_RUNPATH_SEARCH_PATHS = (
					"$(inherited)",
					"@executable_path/../Frameworks",
				);
				MARKETING_VERSION = 1.0;
				PRODUCT_BUNDLE_IDENTIFIER = kkojangro.ForJaeRin;
				PRODUCT_NAME = "$(TARGET_NAME)";
				SUPPORTED_PLATFORMS = "iphoneos iphonesimulator macosx";
				SUPPORTS_MACCATALYST = NO;
				SUPPORTS_MAC_DESIGNED_FOR_IPHONE_IPAD = NO;
				SWIFT_EMIT_LOC_STRINGS = YES;
				SWIFT_VERSION = 5.0;
				TARGETED_DEVICE_FAMILY = 1;
			};
			name = Debug;
		};
		A945F05A2A56788700DC62D7 /* Release */ = {
			isa = XCBuildConfiguration;
			buildSettings = {
				ASSETCATALOG_COMPILER_APPICON_NAME = AppIcon;
				ASSETCATALOG_COMPILER_GLOBAL_ACCENT_COLOR_NAME = AccentColor;
				CODE_SIGN_ENTITLEMENTS = ForJaeRin/App/ForJaeRin.entitlements;
				CODE_SIGN_STYLE = Automatic;
				COMBINE_HIDPI_IMAGES = YES;
				CURRENT_PROJECT_VERSION = 1;
				DEVELOPMENT_ASSET_PATHS = "\"ForJaeRin/App/Preview Content\"";
				DEVELOPMENT_TEAM = V7Y39HNV38;
				ENABLE_HARDENED_RUNTIME = YES;
				ENABLE_PREVIEWS = YES;
				GENERATE_INFOPLIST_FILE = YES;
				INFOPLIST_FILE = ForJaeRin/Info.plist;
				INFOPLIST_KEY_NSHumanReadableCopyright = "";
				INFOPLIST_KEY_NSMicrophoneUsageDescription = "";
				LD_RUNPATH_SEARCH_PATHS = (
					"$(inherited)",
					"@executable_path/../Frameworks",
				);
				MARKETING_VERSION = 1.0;
				PRODUCT_BUNDLE_IDENTIFIER = kkojangro.ForJaeRin;
				PRODUCT_NAME = "$(TARGET_NAME)";
				SUPPORTED_PLATFORMS = "iphoneos iphonesimulator macosx";
				SUPPORTS_MACCATALYST = NO;
				SUPPORTS_MAC_DESIGNED_FOR_IPHONE_IPAD = NO;
				SWIFT_EMIT_LOC_STRINGS = YES;
				SWIFT_VERSION = 5.0;
				TARGETED_DEVICE_FAMILY = 1;
			};
			name = Release;
		};
		A945F05C2A56788700DC62D7 /* Debug */ = {
			isa = XCBuildConfiguration;
			buildSettings = {
				ALWAYS_EMBED_SWIFT_STANDARD_LIBRARIES = YES;
				BUNDLE_LOADER = "$(TEST_HOST)";
				CODE_SIGN_STYLE = Automatic;
				CURRENT_PROJECT_VERSION = 1;
				DEVELOPMENT_TEAM = V7Y39HNV38;
				GENERATE_INFOPLIST_FILE = YES;
				MACOSX_DEPLOYMENT_TARGET = 13.3;
				MARKETING_VERSION = 1.0;
				PRODUCT_BUNDLE_IDENTIFIER = kkojangro.ForJaeRinTests;
				PRODUCT_NAME = "$(TARGET_NAME)";
				SWIFT_EMIT_LOC_STRINGS = NO;
				SWIFT_VERSION = 5.0;
				TEST_HOST = "$(BUILT_PRODUCTS_DIR)/ForJaeRin.app/$(BUNDLE_EXECUTABLE_FOLDER_PATH)/ForJaeRin";
			};
			name = Debug;
		};
		A945F05D2A56788700DC62D7 /* Release */ = {
			isa = XCBuildConfiguration;
			buildSettings = {
				ALWAYS_EMBED_SWIFT_STANDARD_LIBRARIES = YES;
				BUNDLE_LOADER = "$(TEST_HOST)";
				CODE_SIGN_STYLE = Automatic;
				CURRENT_PROJECT_VERSION = 1;
				DEVELOPMENT_TEAM = V7Y39HNV38;
				GENERATE_INFOPLIST_FILE = YES;
				MACOSX_DEPLOYMENT_TARGET = 13.3;
				MARKETING_VERSION = 1.0;
				PRODUCT_BUNDLE_IDENTIFIER = kkojangro.ForJaeRinTests;
				PRODUCT_NAME = "$(TARGET_NAME)";
				SWIFT_EMIT_LOC_STRINGS = NO;
				SWIFT_VERSION = 5.0;
				TEST_HOST = "$(BUILT_PRODUCTS_DIR)/ForJaeRin.app/$(BUNDLE_EXECUTABLE_FOLDER_PATH)/ForJaeRin";
			};
			name = Release;
		};
		A945F05F2A56788700DC62D7 /* Debug */ = {
			isa = XCBuildConfiguration;
			buildSettings = {
				ALWAYS_EMBED_SWIFT_STANDARD_LIBRARIES = YES;
				CODE_SIGN_STYLE = Automatic;
				CURRENT_PROJECT_VERSION = 1;
				DEVELOPMENT_TEAM = V7Y39HNV38;
				GENERATE_INFOPLIST_FILE = YES;
				MARKETING_VERSION = 1.0;
				PRODUCT_BUNDLE_IDENTIFIER = kkojangro.ForJaeRinUITests;
				PRODUCT_NAME = "$(TARGET_NAME)";
				SWIFT_EMIT_LOC_STRINGS = NO;
				SWIFT_VERSION = 5.0;
				TEST_TARGET_NAME = ForJaeRin;
			};
			name = Debug;
		};
		A945F0602A56788700DC62D7 /* Release */ = {
			isa = XCBuildConfiguration;
			buildSettings = {
				ALWAYS_EMBED_SWIFT_STANDARD_LIBRARIES = YES;
				CODE_SIGN_STYLE = Automatic;
				CURRENT_PROJECT_VERSION = 1;
				DEVELOPMENT_TEAM = V7Y39HNV38;
				GENERATE_INFOPLIST_FILE = YES;
				MARKETING_VERSION = 1.0;
				PRODUCT_BUNDLE_IDENTIFIER = kkojangro.ForJaeRinUITests;
				PRODUCT_NAME = "$(TARGET_NAME)";
				SWIFT_EMIT_LOC_STRINGS = NO;
				SWIFT_VERSION = 5.0;
				TEST_TARGET_NAME = ForJaeRin;
			};
			name = Release;
		};
/* End XCBuildConfiguration section */

/* Begin XCConfigurationList section */
		A945F02E2A56788500DC62D7 /* Build configuration list for PBXProject "ForJaeRin" */ = {
			isa = XCConfigurationList;
			buildConfigurations = (
				A945F0562A56788700DC62D7 /* Debug */,
				A945F0572A56788700DC62D7 /* Release */,
			);
			defaultConfigurationIsVisible = 0;
			defaultConfigurationName = Release;
		};
		A945F0582A56788700DC62D7 /* Build configuration list for PBXNativeTarget "ForJaeRin" */ = {
			isa = XCConfigurationList;
			buildConfigurations = (
				A945F0592A56788700DC62D7 /* Debug */,
				A945F05A2A56788700DC62D7 /* Release */,
			);
			defaultConfigurationIsVisible = 0;
			defaultConfigurationName = Release;
		};
		A945F05B2A56788700DC62D7 /* Build configuration list for PBXNativeTarget "ForJaeRinTests" */ = {
			isa = XCConfigurationList;
			buildConfigurations = (
				A945F05C2A56788700DC62D7 /* Debug */,
				A945F05D2A56788700DC62D7 /* Release */,
			);
			defaultConfigurationIsVisible = 0;
			defaultConfigurationName = Release;
		};
		A945F05E2A56788700DC62D7 /* Build configuration list for PBXNativeTarget "ForJaeRinUITests" */ = {
			isa = XCConfigurationList;
			buildConfigurations = (
				A945F05F2A56788700DC62D7 /* Debug */,
				A945F0602A56788700DC62D7 /* Release */,
			);
			defaultConfigurationIsVisible = 0;
			defaultConfigurationName = Release;
		};
/* End XCConfigurationList section */

/* Begin XCRemoteSwiftPackageReference section */
		A92ABACE2A657208004B4972 /* XCRemoteSwiftPackageReference "Pretendard" */ = {
			isa = XCRemoteSwiftPackageReference;
			repositoryURL = "https://github.com/jaemyeong/Pretendard";
			requirement = {
				kind = upToNextMajorVersion;
				minimumVersion = 0.2.7;
			};
		};
/* End XCRemoteSwiftPackageReference section */

/* Begin XCSwiftPackageProductDependency section */
		A92ABACF2A657208004B4972 /* Pretendard */ = {
			isa = XCSwiftPackageProductDependency;
			package = A92ABACE2A657208004B4972 /* XCRemoteSwiftPackageReference "Pretendard" */;
			productName = Pretendard;
		};
/* End XCSwiftPackageProductDependency section */
	};
	rootObject = A945F02B2A56788500DC62D7 /* Project object */;
}
